lockfileVersion: '6.0'

settings:
  autoInstallPeers: true
  excludeLinksFromLockfile: false

dependencies:
  color2xterm:
    specifier: ^1.0.0
    version: 1.0.0

packages:

  /color2xterm@1.0.0:
    resolution: {integrity: sha512-5E2s2ZfeYqKomxgnIwRl2HqSMo3KylwzEaFvaQLtbLA6wsUz8PqtqIJOeir8IUOutwXrhkm4AGumQXdRo8Ghbg==}
    dev: false
